// !$*UTF8*$!
{
	archiveVersion = 1;
	classes = {
	};
	objectVersion = 46;
	objects = {

/* Begin PBXBuildFile section */
		00E356F31AD99517003FC87E /* reactnaTests.m in Sources */ = {isa = PBXBuildFile; fileRef = 00E356F21AD99517003FC87E /* reactnaTests.m */; };
		0132A233364B45DDB4C65553 /* Roboto-Black.ttf in Resources */ = {isa = PBXBuildFile; fileRef = 72C8D805E239437BBE8944CB /* Roboto-Black.ttf */; };
		09797DF2AE10411E9E1AB93D /* EvilIcons.ttf in Resources */ = {isa = PBXBuildFile; fileRef = 05C7BA0EEBF54198998BF10D /* EvilIcons.ttf */; };
		12289B97A8BB43A3AD793F27 /* Feather.ttf in Resources */ = {isa = PBXBuildFile; fileRef = 6BF00174CABA4F5988775EE8 /* Feather.ttf */; };
		13B07FBC1A68108700A75B9A /* AppDelegate.m in Sources */ = {isa = PBXBuildFile; fileRef = 13B07FB01A68108700A75B9A /* AppDelegate.m */; };
		13B07FBD1A68108700A75B9A /* LaunchScreen.xib in Resources */ = {isa = PBXBuildFile; fileRef = 13B07FB11A68108700A75B9A /* LaunchScreen.xib */; };
		13B07FBF1A68108700A75B9A /* Images.xcassets in Resources */ = {isa = PBXBuildFile; fileRef = 13B07FB51A68108700A75B9A /* Images.xcassets */; };
		13B07FC11A68108700A75B9A /* main.m in Sources */ = {isa = PBXBuildFile; fileRef = 13B07FB71A68108700A75B9A /* main.m */; };
		2D02E4BC1E0B4A80006451C7 /* AppDelegate.m in Sources */ = {isa = PBXBuildFile; fileRef = 13B07FB01A68108700A75B9A /* AppDelegate.m */; };
		2D02E4BD1E0B4A84006451C7 /* Images.xcassets in Resources */ = {isa = PBXBuildFile; fileRef = 13B07FB51A68108700A75B9A /* Images.xcassets */; };
		2D02E4BF1E0B4AB3006451C7 /* main.m in Sources */ = {isa = PBXBuildFile; fileRef = 13B07FB71A68108700A75B9A /* main.m */; };
		2D9B23777BBE97C325B079DD /* libPods-reactna.a in Frameworks */ = {isa = PBXBuildFile; fileRef = 9859595D0A3CA5D19EB4FE99 /* libPods-reactna.a */; };
		2DCD954D1E0B4F2C00145EB5 /* reactnaTests.m in Sources */ = {isa = PBXBuildFile; fileRef = 00E356F21AD99517003FC87E /* reactnaTests.m */; };
		2E3F836F459641A6A8E511E5 /* Zocial.ttf in Resources */ = {isa = PBXBuildFile; fileRef = 42B61A60176E495683331504 /* Zocial.ttf */; };
		3A1596A91F594D9E9E6FFEB7 /* Roboto-BlackItalic.ttf in Resources */ = {isa = PBXBuildFile; fileRef = B88D6E28726246D88CD72574 /* Roboto-BlackItalic.ttf */; };
		3C9FD5FB58DE41A68066E3B3 /* FontAwesome5_Regular.ttf in Resources */ = {isa = PBXBuildFile; fileRef = A20B5DB5D01B4BDFAD268B26 /* FontAwesome5_Regular.ttf */; };
		4192BAB59ED74DD0AEDCF743 /* Roboto-RegularItalic.ttf in Resources */ = {isa = PBXBuildFile; fileRef = 8ED1811D43644DA9A6DF01D4 /* Roboto-RegularItalic.ttf */; };
		4A54918F2B454F1989BF1C8D /* Roboto-Regular.ttf in Resources */ = {isa = PBXBuildFile; fileRef = A06E34AF3EED4253A9E25352 /* Roboto-Regular.ttf */; };
		4F017372374E0FD25292CEFD /* libPods-reactna-tvOSTests.a in Frameworks */ = {isa = PBXBuildFile; fileRef = 4750DA0E6F57578E4872B8B9 /* libPods-reactna-tvOSTests.a */; };
		543B9FCA46954031AED8C3A7 /* Roboto-ThinItalic.ttf in Resources */ = {isa = PBXBuildFile; fileRef = 455AFF5477C14459B5C70DEC /* Roboto-ThinItalic.ttf */; };
		5EA511A99EF04F32A857E851 /* Roboto-LightItalic.ttf in Resources */ = {isa = PBXBuildFile; fileRef = B639B72B210947F3BCA6C253 /* Roboto-LightItalic.ttf */; };
		69E77D5C546045E182C5FB55 /* Foundation.ttf in Resources */ = {isa = PBXBuildFile; fileRef = 34A7FCECB01C4CE9AE5BD77B /* Foundation.ttf */; };
		74724AFFCC8D4DB79D1B0326 /* FontAwesome.ttf in Resources */ = {isa = PBXBuildFile; fileRef = A0D107ACD9374D6FA1B85225 /* FontAwesome.ttf */; };
		7D47ACCF29B34DD0B8529ABB /* Roboto-Medium.ttf in Resources */ = {isa = PBXBuildFile; fileRef = 143B82D600C64135B1F25FA1 /* Roboto-Medium.ttf */; };
		82521A6BFBEB43B08883F6A4 /* AntDesign.ttf in Resources */ = {isa = PBXBuildFile; fileRef = 6863B1213E0D4D2792DE5B05 /* AntDesign.ttf */; };
		84EAC395B1FC418FA91AE69A /* Roboto-Light.ttf in Resources */ = {isa = PBXBuildFile; fileRef = 9054F23A855048B096553508 /* Roboto-Light.ttf */; };
		864478DE07614E45BE182641 /* MaterialCommunityIcons.ttf in Resources */ = {isa = PBXBuildFile; fileRef = FBC2DA8226204F3FB3944403 /* MaterialCommunityIcons.ttf */; };
		98D0B42F17224F7195F61AEA /* Entypo.ttf in Resources */ = {isa = PBXBuildFile; fileRef = EDF4E819AD4147FB8FA6A6C5 /* Entypo.ttf */; };
		9CFD320F3868448CAC0D473D /* SimpleLineIcons.ttf in Resources */ = {isa = PBXBuildFile; fileRef = D26276418BE248A6B9B285AD /* SimpleLineIcons.ttf */; };
		A185814B231E5F4300EC3137 /* Fontisto.ttf in Resources */ = {isa = PBXBuildFile; fileRef = A185813B231E5F4300EC3137 /* Fontisto.ttf */; };
		A185814C231E5F4300EC3137 /* Octicons.ttf in Resources */ = {isa = PBXBuildFile; fileRef = A185813C231E5F4300EC3137 /* Octicons.ttf */; };
		A185814D231E5F4300EC3137 /* Feather.ttf in Resources */ = {isa = PBXBuildFile; fileRef = A185813D231E5F4300EC3137 /* Feather.ttf */; };
		A185814E231E5F4300EC3137 /* Entypo.ttf in Resources */ = {isa = PBXBuildFile; fileRef = A185813E231E5F4300EC3137 /* Entypo.ttf */; };
		A185814F231E5F4300EC3137 /* FontAwesome5_Brands.ttf in Resources */ = {isa = PBXBuildFile; fileRef = A185813F231E5F4300EC3137 /* FontAwesome5_Brands.ttf */; };
		A1858150231E5F4300EC3137 /* MaterialCommunityIcons.ttf in Resources */ = {isa = PBXBuildFile; fileRef = A1858140231E5F4300EC3137 /* MaterialCommunityIcons.ttf */; };
		A1858151231E5F4300EC3137 /* AntDesign.ttf in Resources */ = {isa = PBXBuildFile; fileRef = A1858141231E5F4300EC3137 /* AntDesign.ttf */; };
		A1858152231E5F4300EC3137 /* Foundation.ttf in Resources */ = {isa = PBXBuildFile; fileRef = A1858142231E5F4300EC3137 /* Foundation.ttf */; };
		A1858153231E5F4300EC3137 /* Ionicons.ttf in Resources */ = {isa = PBXBuildFile; fileRef = A1858143231E5F4300EC3137 /* Ionicons.ttf */; };
		A1858154231E5F4300EC3137 /* FontAwesome5_Solid.ttf in Resources */ = {isa = PBXBuildFile; fileRef = A1858144231E5F4300EC3137 /* FontAwesome5_Solid.ttf */; };
		A1858155231E5F4300EC3137 /* FontAwesome5_Regular.ttf in Resources */ = {isa = PBXBuildFile; fileRef = A1858145231E5F4300EC3137 /* FontAwesome5_Regular.ttf */; };
		A1858156231E5F4400EC3137 /* FontAwesome.ttf in Resources */ = {isa = PBXBuildFile; fileRef = A1858146231E5F4300EC3137 /* FontAwesome.ttf */; };
		A1858157231E5F4400EC3137 /* Zocial.ttf in Resources */ = {isa = PBXBuildFile; fileRef = A1858147231E5F4300EC3137 /* Zocial.ttf */; };
		A1858158231E5F4400EC3137 /* EvilIcons.ttf in Resources */ = {isa = PBXBuildFile; fileRef = A1858148231E5F4300EC3137 /* EvilIcons.ttf */; };
		A1858159231E5F4400EC3137 /* SimpleLineIcons.ttf in Resources */ = {isa = PBXBuildFile; fileRef = A1858149231E5F4300EC3137 /* SimpleLineIcons.ttf */; };
		A185815A231E5F4400EC3137 /* MaterialIcons.ttf in Resources */ = {isa = PBXBuildFile; fileRef = A185814A231E5F4300EC3137 /* MaterialIcons.ttf */; };
		BF4ABA2BF30241B580D1725E /* FontAwesome5_Solid.ttf in Resources */ = {isa = PBXBuildFile; fileRef = 66B7904F779246B5923D4CBF /* FontAwesome5_Solid.ttf */; };
		C19244AEA37D42F8973FBC5D /* MaterialIcons.ttf in Resources */ = {isa = PBXBuildFile; fileRef = AC4A8D764253448A82EEA7D4 /* MaterialIcons.ttf */; };
		C4A324E193104433B7387942 /* Octicons.ttf in Resources */ = {isa = PBXBuildFile; fileRef = A9E31DB7A9904987B8FC85AF /* Octicons.ttf */; };
		CF76BC222430261BDA4626CF /* libPods-reactnaTests.a in Frameworks */ = {isa = PBXBuildFile; fileRef = 1E0548CF9F25CCDD46A34112 /* libPods-reactnaTests.a */; };
		D35DAA6D72D24E8B9D3E9E94 /* Roboto-BoldItalic.ttf in Resources */ = {isa = PBXBuildFile; fileRef = FFEEC93810C24C82B1925181 /* Roboto-BoldItalic.ttf */; };
		E06F498BA7AB4AF69FE89537 /* Ionicons.ttf in Resources */ = {isa = PBXBuildFile; fileRef = 5F03A6A148C7440F92EC29F5 /* Ionicons.ttf */; };
		EACFA0E162574F4CAAF2AF08 /* Roboto-Bold.ttf in Resources */ = {isa = PBXBuildFile; fileRef = DD13B16D4A44434BA315BD6C /* Roboto-Bold.ttf */; };
		F0EB9BDAAF0D4C59A46C14FF /* Roboto-Thin.ttf in Resources */ = {isa = PBXBuildFile; fileRef = 11A49BC3945C467588A182FB /* Roboto-Thin.ttf */; };
		F25C38E4396C464693120DF8 /* FontAwesome5_Brands.ttf in Resources */ = {isa = PBXBuildFile; fileRef = 6EA70FD8C8E3482E94389A34 /* FontAwesome5_Brands.ttf */; };
		F37A325047424C71895E5FC0 /* Roboto-MediumItalic.ttf in Resources */ = {isa = PBXBuildFile; fileRef = 90EE55694FFD474A833CE14A /* Roboto-MediumItalic.ttf */; };
		F9D7DA5254A54494A9952AF3 /* Fontisto.ttf in Resources */ = {isa = PBXBuildFile; fileRef = C4AE0DA70CE546EFA1F54235 /* Fontisto.ttf */; };
		FA61EB5D4B2417CEEAD4770D /* libPods-reactna-tvOS.a in Frameworks */ = {isa = PBXBuildFile; fileRef = D08996AF8F74662FFE82EBE4 /* libPods-reactna-tvOS.a */; };
/* End PBXBuildFile section */

/* Begin PBXContainerItemProxy section */
		00E356F41AD99517003FC87E /* PBXContainerItemProxy */ = {
			isa = PBXContainerItemProxy;
			containerPortal = 83CBB9F71A601CBA00E9B192 /* Project object */;
			proxyType = 1;
			remoteGlobalIDString = 13B07F861A680F5B00A75B9A;
			remoteInfo = reactna;
		};
		2D02E4911E0B4A5D006451C7 /* PBXContainerItemProxy */ = {
			isa = PBXContainerItemProxy;
			containerPortal = 83CBB9F71A601CBA00E9B192 /* Project object */;
			proxyType = 1;
			remoteGlobalIDString = 2D02E47A1E0B4A5D006451C7;
			remoteInfo = "reactna-tvOS";
		};
/* End PBXContainerItemProxy section */

/* Begin PBXFileReference section */
		008F07F21AC5B25A0029DE68 /* main.jsbundle */ = {isa = PBXFileReference; fileEncoding = 4; lastKnownFileType = text; path = main.jsbundle; sourceTree = "<group>"; };
		00E356EE1AD99517003FC87E /* reactnaTests.xctest */ = {isa = PBXFileReference; explicitFileType = wrapper.cfbundle; includeInIndex = 0; path = reactnaTests.xctest; sourceTree = BUILT_PRODUCTS_DIR; };
		00E356F11AD99517003FC87E /* Info.plist */ = {isa = PBXFileReference; lastKnownFileType = text.plist.xml; path = Info.plist; sourceTree = "<group>"; };
		00E356F21AD99517003FC87E /* reactnaTests.m */ = {isa = PBXFileReference; lastKnownFileType = sourcecode.c.objc; path = reactnaTests.m; sourceTree = "<group>"; };
		05C7BA0EEBF54198998BF10D /* EvilIcons.ttf */ = {isa = PBXFileReference; explicitFileType = undefined; fileEncoding = 9; includeInIndex = 0; lastKnownFileType = unknown; name = EvilIcons.ttf; path = "../node_modules/react-native-vector-icons/Fonts/EvilIcons.ttf"; sourceTree = "<group>"; };
		11A49BC3945C467588A182FB /* Roboto-Thin.ttf */ = {isa = PBXFileReference; explicitFileType = undefined; fileEncoding = undefined; includeInIndex = 0; lastKnownFileType = unknown; name = "Roboto-Thin.ttf"; path = "../assets/Fonts/Roboto-Thin.ttf"; sourceTree = "<group>"; };
		13B07F961A680F5B00A75B9A /* reactna.app */ = {isa = PBXFileReference; explicitFileType = wrapper.application; includeInIndex = 0; path = reactna.app; sourceTree = BUILT_PRODUCTS_DIR; };
		13B07FAF1A68108700A75B9A /* AppDelegate.h */ = {isa = PBXFileReference; fileEncoding = 4; lastKnownFileType = sourcecode.c.h; name = AppDelegate.h; path = reactna/AppDelegate.h; sourceTree = "<group>"; };
		13B07FB01A68108700A75B9A /* AppDelegate.m */ = {isa = PBXFileReference; fileEncoding = 4; lastKnownFileType = sourcecode.c.objc; name = AppDelegate.m; path = reactna/AppDelegate.m; sourceTree = "<group>"; };
		13B07FB21A68108700A75B9A /* Base */ = {isa = PBXFileReference; lastKnownFileType = file.xib; name = Base; path = Base.lproj/LaunchScreen.xib; sourceTree = "<group>"; };
		13B07FB51A68108700A75B9A /* Images.xcassets */ = {isa = PBXFileReference; lastKnownFileType = folder.assetcatalog; name = Images.xcassets; path = reactna/Images.xcassets; sourceTree = "<group>"; };
		13B07FB61A68108700A75B9A /* Info.plist */ = {isa = PBXFileReference; fileEncoding = 4; lastKnownFileType = text.plist.xml; name = Info.plist; path = reactna/Info.plist; sourceTree = "<group>"; };
		13B07FB71A68108700A75B9A /* main.m */ = {isa = PBXFileReference; fileEncoding = 4; lastKnownFileType = sourcecode.c.objc; name = main.m; path = reactna/main.m; sourceTree = "<group>"; };
		143B82D600C64135B1F25FA1 /* Roboto-Medium.ttf */ = {isa = PBXFileReference; explicitFileType = undefined; fileEncoding = undefined; includeInIndex = 0; lastKnownFileType = unknown; name = "Roboto-Medium.ttf"; path = "../assets/Fonts/Roboto-Medium.ttf"; sourceTree = "<group>"; };
		1E0548CF9F25CCDD46A34112 /* libPods-reactnaTests.a */ = {isa = PBXFileReference; explicitFileType = archive.ar; includeInIndex = 0; path = "libPods-reactnaTests.a"; sourceTree = BUILT_PRODUCTS_DIR; };
		27F0DC181E0DF96F29613D39 /* Pods-reactnaTests.release.xcconfig */ = {isa = PBXFileReference; includeInIndex = 1; lastKnownFileType = text.xcconfig; name = "Pods-reactnaTests.release.xcconfig"; path = "Target Support Files/Pods-reactnaTests/Pods-reactnaTests.release.xcconfig"; sourceTree = "<group>"; };
		2D02E47B1E0B4A5D006451C7 /* reactna-tvOS.app */ = {isa = PBXFileReference; explicitFileType = wrapper.application; includeInIndex = 0; path = "reactna-tvOS.app"; sourceTree = BUILT_PRODUCTS_DIR; };
		2D02E4901E0B4A5D006451C7 /* reactna-tvOSTests.xctest */ = {isa = PBXFileReference; explicitFileType = wrapper.cfbundle; includeInIndex = 0; path = "reactna-tvOSTests.xctest"; sourceTree = BUILT_PRODUCTS_DIR; };
		2DFB56EC24CB854406459A3E /* Pods-reactna.debug.xcconfig */ = {isa = PBXFileReference; includeInIndex = 1; lastKnownFileType = text.xcconfig; name = "Pods-reactna.debug.xcconfig"; path = "Target Support Files/Pods-reactna/Pods-reactna.debug.xcconfig"; sourceTree = "<group>"; };
		34A7FCECB01C4CE9AE5BD77B /* Foundation.ttf */ = {isa = PBXFileReference; explicitFileType = undefined; fileEncoding = 9; includeInIndex = 0; lastKnownFileType = unknown; name = Foundation.ttf; path = "../node_modules/react-native-vector-icons/Fonts/Foundation.ttf"; sourceTree = "<group>"; };
		42B61A60176E495683331504 /* Zocial.ttf */ = {isa = PBXFileReference; explicitFileType = undefined; fileEncoding = 9; includeInIndex = 0; lastKnownFileType = unknown; name = Zocial.ttf; path = "../node_modules/react-native-vector-icons/Fonts/Zocial.ttf"; sourceTree = "<group>"; };
		455AFF5477C14459B5C70DEC /* Roboto-ThinItalic.ttf */ = {isa = PBXFileReference; explicitFileType = undefined; fileEncoding = undefined; includeInIndex = 0; lastKnownFileType = unknown; name = "Roboto-ThinItalic.ttf"; path = "../assets/Fonts/Roboto-ThinItalic.ttf"; sourceTree = "<group>"; };
		4750DA0E6F57578E4872B8B9 /* libPods-reactna-tvOSTests.a */ = {isa = PBXFileReference; explicitFileType = archive.ar; includeInIndex = 0; path = "libPods-reactna-tvOSTests.a"; sourceTree = BUILT_PRODUCTS_DIR; };
		5F03A6A148C7440F92EC29F5 /* Ionicons.ttf */ = {isa = PBXFileReference; explicitFileType = undefined; fileEncoding = 9; includeInIndex = 0; lastKnownFileType = unknown; name = Ionicons.ttf; path = "../node_modules/react-native-vector-icons/Fonts/Ionicons.ttf"; sourceTree = "<group>"; };
		60B4899538B8BE58EF710DE8 /* Pods-reactna.release.xcconfig */ = {isa = PBXFileReference; includeInIndex = 1; lastKnownFileType = text.xcconfig; name = "Pods-reactna.release.xcconfig"; path = "Target Support Files/Pods-reactna/Pods-reactna.release.xcconfig"; sourceTree = "<group>"; };
		66B7904F779246B5923D4CBF /* FontAwesome5_Solid.ttf */ = {isa = PBXFileReference; explicitFileType = undefined; fileEncoding = 9; includeInIndex = 0; lastKnownFileType = unknown; name = FontAwesome5_Solid.ttf; path = "../node_modules/react-native-vector-icons/Fonts/FontAwesome5_Solid.ttf"; sourceTree = "<group>"; };
		6863B1213E0D4D2792DE5B05 /* AntDesign.ttf */ = {isa = PBXFileReference; explicitFileType = undefined; fileEncoding = 9; includeInIndex = 0; lastKnownFileType = unknown; name = AntDesign.ttf; path = "../node_modules/react-native-vector-icons/Fonts/AntDesign.ttf"; sourceTree = "<group>"; };
		6BF00174CABA4F5988775EE8 /* Feather.ttf */ = {isa = PBXFileReference; explicitFileType = undefined; fileEncoding = 9; includeInIndex = 0; lastKnownFileType = unknown; name = Feather.ttf; path = "../node_modules/react-native-vector-icons/Fonts/Feather.ttf"; sourceTree = "<group>"; };
		6EA70FD8C8E3482E94389A34 /* FontAwesome5_Brands.ttf */ = {isa = PBXFileReference; explicitFileType = undefined; fileEncoding = 9; includeInIndex = 0; lastKnownFileType = unknown; name = FontAwesome5_Brands.ttf; path = "../node_modules/react-native-vector-icons/Fonts/FontAwesome5_Brands.ttf"; sourceTree = "<group>"; };
		72C8D805E239437BBE8944CB /* Roboto-Black.ttf */ = {isa = PBXFileReference; explicitFileType = undefined; fileEncoding = undefined; includeInIndex = 0; lastKnownFileType = unknown; name = "Roboto-Black.ttf"; path = "../assets/Fonts/Roboto-Black.ttf"; sourceTree = "<group>"; };
		73AB7502FE244EC290A03A46 /* Pods-reactna-tvOS.release.xcconfig */ = {isa = PBXFileReference; includeInIndex = 1; lastKnownFileType = text.xcconfig; name = "Pods-reactna-tvOS.release.xcconfig"; path = "Target Support Files/Pods-reactna-tvOS/Pods-reactna-tvOS.release.xcconfig"; sourceTree = "<group>"; };
		85C7C3C5F66F367E0C16FB3D /* Pods-reactnaTests.debug.xcconfig */ = {isa = PBXFileReference; includeInIndex = 1; lastKnownFileType = text.xcconfig; name = "Pods-reactnaTests.debug.xcconfig"; path = "Target Support Files/Pods-reactnaTests/Pods-reactnaTests.debug.xcconfig"; sourceTree = "<group>"; };
		8ED1811D43644DA9A6DF01D4 /* Roboto-RegularItalic.ttf */ = {isa = PBXFileReference; explicitFileType = undefined; fileEncoding = undefined; includeInIndex = 0; lastKnownFileType = unknown; name = "Roboto-RegularItalic.ttf"; path = "../assets/Fonts/Roboto-RegularItalic.ttf"; sourceTree = "<group>"; };
		9054F23A855048B096553508 /* Roboto-Light.ttf */ = {isa = PBXFileReference; explicitFileType = undefined; fileEncoding = undefined; includeInIndex = 0; lastKnownFileType = unknown; name = "Roboto-Light.ttf"; path = "../assets/Fonts/Roboto-Light.ttf"; sourceTree = "<group>"; };
		90EE55694FFD474A833CE14A /* Roboto-MediumItalic.ttf */ = {isa = PBXFileReference; explicitFileType = undefined; fileEncoding = undefined; includeInIndex = 0; lastKnownFileType = unknown; name = "Roboto-MediumItalic.ttf"; path = "../assets/Fonts/Roboto-MediumItalic.ttf"; sourceTree = "<group>"; };
		9859595D0A3CA5D19EB4FE99 /* libPods-reactna.a */ = {isa = PBXFileReference; explicitFileType = archive.ar; includeInIndex = 0; path = "libPods-reactna.a"; sourceTree = BUILT_PRODUCTS_DIR; };
		A06E34AF3EED4253A9E25352 /* Roboto-Regular.ttf */ = {isa = PBXFileReference; explicitFileType = undefined; fileEncoding = undefined; includeInIndex = 0; lastKnownFileType = unknown; name = "Roboto-Regular.ttf"; path = "../assets/Fonts/Roboto-Regular.ttf"; sourceTree = "<group>"; };
		A0D107ACD9374D6FA1B85225 /* FontAwesome.ttf */ = {isa = PBXFileReference; explicitFileType = undefined; fileEncoding = 9; includeInIndex = 0; lastKnownFileType = unknown; name = FontAwesome.ttf; path = "../node_modules/react-native-vector-icons/Fonts/FontAwesome.ttf"; sourceTree = "<group>"; };
		A185813B231E5F4300EC3137 /* Fontisto.ttf */ = {isa = PBXFileReference; lastKnownFileType = file; path = Fontisto.ttf; sourceTree = "<group>"; };
		A185813C231E5F4300EC3137 /* Octicons.ttf */ = {isa = PBXFileReference; lastKnownFileType = file; path = Octicons.ttf; sourceTree = "<group>"; };
		A185813D231E5F4300EC3137 /* Feather.ttf */ = {isa = PBXFileReference; lastKnownFileType = file; path = Feather.ttf; sourceTree = "<group>"; };
		A185813E231E5F4300EC3137 /* Entypo.ttf */ = {isa = PBXFileReference; lastKnownFileType = file; path = Entypo.ttf; sourceTree = "<group>"; };
		A185813F231E5F4300EC3137 /* FontAwesome5_Brands.ttf */ = {isa = PBXFileReference; lastKnownFileType = file; path = FontAwesome5_Brands.ttf; sourceTree = "<group>"; };
		A1858140231E5F4300EC3137 /* MaterialCommunityIcons.ttf */ = {isa = PBXFileReference; lastKnownFileType = file; path = MaterialCommunityIcons.ttf; sourceTree = "<group>"; };
		A1858141231E5F4300EC3137 /* AntDesign.ttf */ = {isa = PBXFileReference; lastKnownFileType = file; path = AntDesign.ttf; sourceTree = "<group>"; };
		A1858142231E5F4300EC3137 /* Foundation.ttf */ = {isa = PBXFileReference; lastKnownFileType = file; path = Foundation.ttf; sourceTree = "<group>"; };
		A1858143231E5F4300EC3137 /* Ionicons.ttf */ = {isa = PBXFileReference; lastKnownFileType = file; path = Ionicons.ttf; sourceTree = "<group>"; };
		A1858144231E5F4300EC3137 /* FontAwesome5_Solid.ttf */ = {isa = PBXFileReference; lastKnownFileType = file; path = FontAwesome5_Solid.ttf; sourceTree = "<group>"; };
		A1858145231E5F4300EC3137 /* FontAwesome5_Regular.ttf */ = {isa = PBXFileReference; lastKnownFileType = file; path = FontAwesome5_Regular.ttf; sourceTree = "<group>"; };
		A1858146231E5F4300EC3137 /* FontAwesome.ttf */ = {isa = PBXFileReference; lastKnownFileType = file; path = FontAwesome.ttf; sourceTree = "<group>"; };
		A1858147231E5F4300EC3137 /* Zocial.ttf */ = {isa = PBXFileReference; lastKnownFileType = file; path = Zocial.ttf; sourceTree = "<group>"; };
		A1858148231E5F4300EC3137 /* EvilIcons.ttf */ = {isa = PBXFileReference; lastKnownFileType = file; path = EvilIcons.ttf; sourceTree = "<group>"; };
		A1858149231E5F4300EC3137 /* SimpleLineIcons.ttf */ = {isa = PBXFileReference; lastKnownFileType = file; path = SimpleLineIcons.ttf; sourceTree = "<group>"; };
		A185814A231E5F4300EC3137 /* MaterialIcons.ttf */ = {isa = PBXFileReference; lastKnownFileType = file; path = MaterialIcons.ttf; sourceTree = "<group>"; };
		A20B5DB5D01B4BDFAD268B26 /* FontAwesome5_Regular.ttf */ = {isa = PBXFileReference; explicitFileType = undefined; fileEncoding = 9; includeInIndex = 0; lastKnownFileType = unknown; name = FontAwesome5_Regular.ttf; path = "../node_modules/react-native-vector-icons/Fonts/FontAwesome5_Regular.ttf"; sourceTree = "<group>"; };
		A9E31DB7A9904987B8FC85AF /* Octicons.ttf */ = {isa = PBXFileReference; explicitFileType = undefined; fileEncoding = 9; includeInIndex = 0; lastKnownFileType = unknown; name = Octicons.ttf; path = "../node_modules/react-native-vector-icons/Fonts/Octicons.ttf"; sourceTree = "<group>"; };
		AC4A8D764253448A82EEA7D4 /* MaterialIcons.ttf */ = {isa = PBXFileReference; explicitFileType = undefined; fileEncoding = 9; includeInIndex = 0; lastKnownFileType = unknown; name = MaterialIcons.ttf; path = "../node_modules/react-native-vector-icons/Fonts/MaterialIcons.ttf"; sourceTree = "<group>"; };
		B639B72B210947F3BCA6C253 /* Roboto-LightItalic.ttf */ = {isa = PBXFileReference; explicitFileType = undefined; fileEncoding = undefined; includeInIndex = 0; lastKnownFileType = unknown; name = "Roboto-LightItalic.ttf"; path = "../assets/Fonts/Roboto-LightItalic.ttf"; sourceTree = "<group>"; };
		B88D6E28726246D88CD72574 /* Roboto-BlackItalic.ttf */ = {isa = PBXFileReference; explicitFileType = undefined; fileEncoding = undefined; includeInIndex = 0; lastKnownFileType = unknown; name = "Roboto-BlackItalic.ttf"; path = "../assets/Fonts/Roboto-BlackItalic.ttf"; sourceTree = "<group>"; };
		C184855404B130997B6736E3 /* Pods-reactna-tvOSTests.debug.xcconfig */ = {isa = PBXFileReference; includeInIndex = 1; lastKnownFileType = text.xcconfig; name = "Pods-reactna-tvOSTests.debug.xcconfig"; path = "Target Support Files/Pods-reactna-tvOSTests/Pods-reactna-tvOSTests.debug.xcconfig"; sourceTree = "<group>"; };
		C4AE0DA70CE546EFA1F54235 /* Fontisto.ttf */ = {isa = PBXFileReference; explicitFileType = undefined; fileEncoding = 9; includeInIndex = 0; lastKnownFileType = unknown; name = Fontisto.ttf; path = "../node_modules/react-native-vector-icons/Fonts/Fontisto.ttf"; sourceTree = "<group>"; };
		CA27EFEAD60920CF9438A477 /* Pods-reactna-tvOS.debug.xcconfig */ = {isa = PBXFileReference; includeInIndex = 1; lastKnownFileType = text.xcconfig; name = "Pods-reactna-tvOS.debug.xcconfig"; path = "Target Support Files/Pods-reactna-tvOS/Pods-reactna-tvOS.debug.xcconfig"; sourceTree = "<group>"; };
		D08996AF8F74662FFE82EBE4 /* libPods-reactna-tvOS.a */ = {isa = PBXFileReference; explicitFileType = archive.ar; includeInIndex = 0; path = "libPods-reactna-tvOS.a"; sourceTree = BUILT_PRODUCTS_DIR; };
		D26276418BE248A6B9B285AD /* SimpleLineIcons.ttf */ = {isa = PBXFileReference; explicitFileType = undefined; fileEncoding = 9; includeInIndex = 0; lastKnownFileType = unknown; name = SimpleLineIcons.ttf; path = "../node_modules/react-native-vector-icons/Fonts/SimpleLineIcons.ttf"; sourceTree = "<group>"; };
		D96894F8F54A4E6C3168D4F0 /* Pods-reactna-tvOSTests.release.xcconfig */ = {isa = PBXFileReference; includeInIndex = 1; lastKnownFileType = text.xcconfig; name = "Pods-reactna-tvOSTests.release.xcconfig"; path = "Target Support Files/Pods-reactna-tvOSTests/Pods-reactna-tvOSTests.release.xcconfig"; sourceTree = "<group>"; };
		DD13B16D4A44434BA315BD6C /* Roboto-Bold.ttf */ = {isa = PBXFileReference; explicitFileType = undefined; fileEncoding = undefined; includeInIndex = 0; lastKnownFileType = unknown; name = "Roboto-Bold.ttf"; path = "../assets/Fonts/Roboto-Bold.ttf"; sourceTree = "<group>"; };
		ED297162215061F000B7C4FE /* JavaScriptCore.framework */ = {isa = PBXFileReference; lastKnownFileType = wrapper.framework; name = JavaScriptCore.framework; path = System/Library/Frameworks/JavaScriptCore.framework; sourceTree = SDKROOT; };
		ED2971642150620600B7C4FE /* JavaScriptCore.framework */ = {isa = PBXFileReference; lastKnownFileType = wrapper.framework; name = JavaScriptCore.framework; path = Platforms/AppleTVOS.platform/Developer/SDKs/AppleTVOS12.0.sdk/System/Library/Frameworks/JavaScriptCore.framework; sourceTree = DEVELOPER_DIR; };
		EDF4E819AD4147FB8FA6A6C5 /* Entypo.ttf */ = {isa = PBXFileReference; explicitFileType = undefined; fileEncoding = 9; includeInIndex = 0; lastKnownFileType = unknown; name = Entypo.ttf; path = "../node_modules/react-native-vector-icons/Fonts/Entypo.ttf"; sourceTree = "<group>"; };
		FBC2DA8226204F3FB3944403 /* MaterialCommunityIcons.ttf */ = {isa = PBXFileReference; explicitFileType = undefined; fileEncoding = 9; includeInIndex = 0; lastKnownFileType = unknown; name = MaterialCommunityIcons.ttf; path = "../node_modules/react-native-vector-icons/Fonts/MaterialCommunityIcons.ttf"; sourceTree = "<group>"; };
		FFEEC93810C24C82B1925181 /* Roboto-BoldItalic.ttf */ = {isa = PBXFileReference; explicitFileType = undefined; fileEncoding = undefined; includeInIndex = 0; lastKnownFileType = unknown; name = "Roboto-BoldItalic.ttf"; path = "../assets/Fonts/Roboto-BoldItalic.ttf"; sourceTree = "<group>"; };
/* End PBXFileReference section */

/* Begin PBXFrameworksBuildPhase section */
		00E356EB1AD99517003FC87E /* Frameworks */ = {
			isa = PBXFrameworksBuildPhase;
			buildActionMask = 2147483647;
			files = (
				CF76BC222430261BDA4626CF /* libPods-reactnaTests.a in Frameworks */,
			);
			runOnlyForDeploymentPostprocessing = 0;
		};
		13B07F8C1A680F5B00A75B9A /* Frameworks */ = {
			isa = PBXFrameworksBuildPhase;
			buildActionMask = 2147483647;
			files = (
				2D9B23777BBE97C325B079DD /* libPods-reactna.a in Frameworks */,
			);
			runOnlyForDeploymentPostprocessing = 0;
		};
		2D02E4781E0B4A5D006451C7 /* Frameworks */ = {
			isa = PBXFrameworksBuildPhase;
			buildActionMask = 2147483647;
			files = (
				FA61EB5D4B2417CEEAD4770D /* libPods-reactna-tvOS.a in Frameworks */,
			);
			runOnlyForDeploymentPostprocessing = 0;
		};
		2D02E48D1E0B4A5D006451C7 /* Frameworks */ = {
			isa = PBXFrameworksBuildPhase;
			buildActionMask = 2147483647;
			files = (
				4F017372374E0FD25292CEFD /* libPods-reactna-tvOSTests.a in Frameworks */,
			);
			runOnlyForDeploymentPostprocessing = 0;
		};
/* End PBXFrameworksBuildPhase section */

/* Begin PBXGroup section */
		00E356EF1AD99517003FC87E /* reactnaTests */ = {
			isa = PBXGroup;
			children = (
				00E356F21AD99517003FC87E /* reactnaTests.m */,
				00E356F01AD99517003FC87E /* Supporting Files */,
			);
			path = reactnaTests;
			sourceTree = "<group>";
		};
		00E356F01AD99517003FC87E /* Supporting Files */ = {
			isa = PBXGroup;
			children = (
				00E356F11AD99517003FC87E /* Info.plist */,
			);
			name = "Supporting Files";
			sourceTree = "<group>";
		};
		13B07FAE1A68108700A75B9A /* reactna */ = {
			isa = PBXGroup;
			children = (
				008F07F21AC5B25A0029DE68 /* main.jsbundle */,
				13B07FAF1A68108700A75B9A /* AppDelegate.h */,
				13B07FB01A68108700A75B9A /* AppDelegate.m */,
				13B07FB51A68108700A75B9A /* Images.xcassets */,
				13B07FB61A68108700A75B9A /* Info.plist */,
				13B07FB11A68108700A75B9A /* LaunchScreen.xib */,
				13B07FB71A68108700A75B9A /* main.m */,
			);
			name = reactna;
			sourceTree = "<group>";
		};
		2D16E6871FA4F8E400B85C8A /* Frameworks */ = {
			isa = PBXGroup;
			children = (
				ED297162215061F000B7C4FE /* JavaScriptCore.framework */,
				ED2971642150620600B7C4FE /* JavaScriptCore.framework */,
				9859595D0A3CA5D19EB4FE99 /* libPods-reactna.a */,
				D08996AF8F74662FFE82EBE4 /* libPods-reactna-tvOS.a */,
				4750DA0E6F57578E4872B8B9 /* libPods-reactna-tvOSTests.a */,
				1E0548CF9F25CCDD46A34112 /* libPods-reactnaTests.a */,
			);
			name = Frameworks;
			sourceTree = "<group>";
		};
		3F82F12D932E6300490911F7 /* Pods */ = {
			isa = PBXGroup;
			children = (
				2DFB56EC24CB854406459A3E /* Pods-reactna.debug.xcconfig */,
				60B4899538B8BE58EF710DE8 /* Pods-reactna.release.xcconfig */,
				CA27EFEAD60920CF9438A477 /* Pods-reactna-tvOS.debug.xcconfig */,
				73AB7502FE244EC290A03A46 /* Pods-reactna-tvOS.release.xcconfig */,
				C184855404B130997B6736E3 /* Pods-reactna-tvOSTests.debug.xcconfig */,
				D96894F8F54A4E6C3168D4F0 /* Pods-reactna-tvOSTests.release.xcconfig */,
				85C7C3C5F66F367E0C16FB3D /* Pods-reactnaTests.debug.xcconfig */,
				27F0DC181E0DF96F29613D39 /* Pods-reactnaTests.release.xcconfig */,
			);
			path = Pods;
			sourceTree = "<group>";
		};
		832341AE1AAA6A7D00B99B32 /* Libraries */ = {
			isa = PBXGroup;
			children = (
			);
			name = Libraries;
			sourceTree = "<group>";
		};
		83CBB9F61A601CBA00E9B192 = {
			isa = PBXGroup;
			children = (
				A185813A231E5F4300EC3137 /* Fonts */,
				13B07FAE1A68108700A75B9A /* reactna */,
				832341AE1AAA6A7D00B99B32 /* Libraries */,
				00E356EF1AD99517003FC87E /* reactnaTests */,
				83CBBA001A601CBA00E9B192 /* Products */,
				2D16E6871FA4F8E400B85C8A /* Frameworks */,
				3F82F12D932E6300490911F7 /* Pods */,
				BD9DD15719C84503A497DA71 /* Resources */,
			);
			indentWidth = 2;
			sourceTree = "<group>";
			tabWidth = 2;
			usesTabs = 0;
		};
		83CBBA001A601CBA00E9B192 /* Products */ = {
			isa = PBXGroup;
			children = (
				13B07F961A680F5B00A75B9A /* reactna.app */,
				00E356EE1AD99517003FC87E /* reactnaTests.xctest */,
				2D02E47B1E0B4A5D006451C7 /* reactna-tvOS.app */,
				2D02E4901E0B4A5D006451C7 /* reactna-tvOSTests.xctest */,
			);
			name = Products;
			sourceTree = "<group>";
		};
		A185813A231E5F4300EC3137 /* Fonts */ = {
			isa = PBXGroup;
			children = (
				A185813B231E5F4300EC3137 /* Fontisto.ttf */,
				A185813C231E5F4300EC3137 /* Octicons.ttf */,
				A185813D231E5F4300EC3137 /* Feather.ttf */,
				A185813E231E5F4300EC3137 /* Entypo.ttf */,
				A185813F231E5F4300EC3137 /* FontAwesome5_Brands.ttf */,
				A1858140231E5F4300EC3137 /* MaterialCommunityIcons.ttf */,
				A1858141231E5F4300EC3137 /* AntDesign.ttf */,
				A1858142231E5F4300EC3137 /* Foundation.ttf */,
				A1858143231E5F4300EC3137 /* Ionicons.ttf */,
				A1858144231E5F4300EC3137 /* FontAwesome5_Solid.ttf */,
				A1858145231E5F4300EC3137 /* FontAwesome5_Regular.ttf */,
				A1858146231E5F4300EC3137 /* FontAwesome.ttf */,
				A1858147231E5F4300EC3137 /* Zocial.ttf */,
				A1858148231E5F4300EC3137 /* EvilIcons.ttf */,
				A1858149231E5F4300EC3137 /* SimpleLineIcons.ttf */,
				A185814A231E5F4300EC3137 /* MaterialIcons.ttf */,
			);
			name = Fonts;
			path = "../node_modules/react-native-vector-icons/Fonts";
			sourceTree = "<group>";
		};
		BD9DD15719C84503A497DA71 /* Resources */ = {
			isa = PBXGroup;
			children = (
				6863B1213E0D4D2792DE5B05 /* AntDesign.ttf */,
				EDF4E819AD4147FB8FA6A6C5 /* Entypo.ttf */,
				05C7BA0EEBF54198998BF10D /* EvilIcons.ttf */,
				6BF00174CABA4F5988775EE8 /* Feather.ttf */,
				A0D107ACD9374D6FA1B85225 /* FontAwesome.ttf */,
				6EA70FD8C8E3482E94389A34 /* FontAwesome5_Brands.ttf */,
				A20B5DB5D01B4BDFAD268B26 /* FontAwesome5_Regular.ttf */,
				66B7904F779246B5923D4CBF /* FontAwesome5_Solid.ttf */,
				C4AE0DA70CE546EFA1F54235 /* Fontisto.ttf */,
				34A7FCECB01C4CE9AE5BD77B /* Foundation.ttf */,
				5F03A6A148C7440F92EC29F5 /* Ionicons.ttf */,
				FBC2DA8226204F3FB3944403 /* MaterialCommunityIcons.ttf */,
				AC4A8D764253448A82EEA7D4 /* MaterialIcons.ttf */,
				A9E31DB7A9904987B8FC85AF /* Octicons.ttf */,
				D26276418BE248A6B9B285AD /* SimpleLineIcons.ttf */,
				42B61A60176E495683331504 /* Zocial.ttf */,
				72C8D805E239437BBE8944CB /* Roboto-Black.ttf */,
				B88D6E28726246D88CD72574 /* Roboto-BlackItalic.ttf */,
				DD13B16D4A44434BA315BD6C /* Roboto-Bold.ttf */,
				FFEEC93810C24C82B1925181 /* Roboto-BoldItalic.ttf */,
				9054F23A855048B096553508 /* Roboto-Light.ttf */,
				B639B72B210947F3BCA6C253 /* Roboto-LightItalic.ttf */,
				143B82D600C64135B1F25FA1 /* Roboto-Medium.ttf */,
				90EE55694FFD474A833CE14A /* Roboto-MediumItalic.ttf */,
				A06E34AF3EED4253A9E25352 /* Roboto-Regular.ttf */,
				8ED1811D43644DA9A6DF01D4 /* Roboto-RegularItalic.ttf */,
				11A49BC3945C467588A182FB /* Roboto-Thin.ttf */,
				455AFF5477C14459B5C70DEC /* Roboto-ThinItalic.ttf */,
			);
			name = Resources;
			sourceTree = "<group>";
		};
/* End PBXGroup section */

/* Begin PBXNativeTarget section */
		00E356ED1AD99517003FC87E /* reactnaTests */ = {
			isa = PBXNativeTarget;
			buildConfigurationList = 00E357021AD99517003FC87E /* Build configuration list for PBXNativeTarget "reactnaTests" */;
			buildPhases = (
				D8B500F6768B53A2D27D6B44 /* [CP] Check Pods Manifest.lock */,
				00E356EA1AD99517003FC87E /* Sources */,
				00E356EB1AD99517003FC87E /* Frameworks */,
				00E356EC1AD99517003FC87E /* Resources */,
			);
			buildRules = (
			);
			dependencies = (
				00E356F51AD99517003FC87E /* PBXTargetDependency */,
			);
			name = reactnaTests;
			productName = reactnaTests;
			productReference = 00E356EE1AD99517003FC87E /* reactnaTests.xctest */;
			productType = "com.apple.product-type.bundle.unit-test";
		};
		13B07F861A680F5B00A75B9A /* reactna */ = {
			isa = PBXNativeTarget;
			buildConfigurationList = 13B07F931A680F5B00A75B9A /* Build configuration list for PBXNativeTarget "reactna" */;
			buildPhases = (
				695BF48CF86CCD8A20082E07 /* [CP] Check Pods Manifest.lock */,
				FD10A7F022414F080027D42C /* Start Packager */,
				13B07F871A680F5B00A75B9A /* Sources */,
				13B07F8C1A680F5B00A75B9A /* Frameworks */,
				13B07F8E1A680F5B00A75B9A /* Resources */,
				00DD1BFF1BD5951E006B06BC /* Bundle React Native code and images */,
			);
			buildRules = (
			);
			dependencies = (
			);
			name = reactna;
			productName = reactna;
			productReference = 13B07F961A680F5B00A75B9A /* reactna.app */;
			productType = "com.apple.product-type.application";
		};
		2D02E47A1E0B4A5D006451C7 /* reactna-tvOS */ = {
			isa = PBXNativeTarget;
			buildConfigurationList = 2D02E4BA1E0B4A5E006451C7 /* Build configuration list for PBXNativeTarget "reactna-tvOS" */;
			buildPhases = (
				3429C4BA1C0F5CED72D483F7 /* [CP] Check Pods Manifest.lock */,
				FD10A7F122414F3F0027D42C /* Start Packager */,
				2D02E4771E0B4A5D006451C7 /* Sources */,
				2D02E4781E0B4A5D006451C7 /* Frameworks */,
				2D02E4791E0B4A5D006451C7 /* Resources */,
				2D02E4CB1E0B4B27006451C7 /* Bundle React Native Code And Images */,
			);
			buildRules = (
			);
			dependencies = (
			);
			name = "reactna-tvOS";
			productName = "reactna-tvOS";
			productReference = 2D02E47B1E0B4A5D006451C7 /* reactna-tvOS.app */;
			productType = "com.apple.product-type.application";
		};
		2D02E48F1E0B4A5D006451C7 /* reactna-tvOSTests */ = {
			isa = PBXNativeTarget;
			buildConfigurationList = 2D02E4BB1E0B4A5E006451C7 /* Build configuration list for PBXNativeTarget "reactna-tvOSTests" */;
			buildPhases = (
				44568E4836594790F993F741 /* [CP] Check Pods Manifest.lock */,
				2D02E48C1E0B4A5D006451C7 /* Sources */,
				2D02E48D1E0B4A5D006451C7 /* Frameworks */,
				2D02E48E1E0B4A5D006451C7 /* Resources */,
			);
			buildRules = (
			);
			dependencies = (
				2D02E4921E0B4A5D006451C7 /* PBXTargetDependency */,
			);
			name = "reactna-tvOSTests";
			productName = "reactna-tvOSTests";
			productReference = 2D02E4901E0B4A5D006451C7 /* reactna-tvOSTests.xctest */;
			productType = "com.apple.product-type.bundle.unit-test";
		};
/* End PBXNativeTarget section */

/* Begin PBXProject section */
		83CBB9F71A601CBA00E9B192 /* Project object */ = {
			isa = PBXProject;
			attributes = {
				LastUpgradeCheck = 940;
				ORGANIZATIONNAME = Facebook;
				TargetAttributes = {
					00E356ED1AD99517003FC87E = {
						CreatedOnToolsVersion = 6.2;
						TestTargetID = 13B07F861A680F5B00A75B9A;
					};
					2D02E47A1E0B4A5D006451C7 = {
						CreatedOnToolsVersion = 8.2.1;
						ProvisioningStyle = Automatic;
					};
					2D02E48F1E0B4A5D006451C7 = {
						CreatedOnToolsVersion = 8.2.1;
						ProvisioningStyle = Automatic;
						TestTargetID = 2D02E47A1E0B4A5D006451C7;
					};
				};
			};
			buildConfigurationList = 83CBB9FA1A601CBA00E9B192 /* Build configuration list for PBXProject "reactna" */;
			compatibilityVersion = "Xcode 3.2";
			developmentRegion = English;
			hasScannedForEncodings = 0;
			knownRegions = (
				English,
				en,
				Base,
			);
			mainGroup = 83CBB9F61A601CBA00E9B192;
			productRefGroup = 83CBBA001A601CBA00E9B192 /* Products */;
			projectDirPath = "";
			projectRoot = "";
			targets = (
				13B07F861A680F5B00A75B9A /* reactna */,
				00E356ED1AD99517003FC87E /* reactnaTests */,
				2D02E47A1E0B4A5D006451C7 /* reactna-tvOS */,
				2D02E48F1E0B4A5D006451C7 /* reactna-tvOSTests */,
			);
		};
/* End PBXProject section */

/* Begin PBXResourcesBuildPhase section */
		00E356EC1AD99517003FC87E /* Resources */ = {
			isa = PBXResourcesBuildPhase;
			buildActionMask = 2147483647;
			files = (
			);
			runOnlyForDeploymentPostprocessing = 0;
		};
		13B07F8E1A680F5B00A75B9A /* Resources */ = {
			isa = PBXResourcesBuildPhase;
			buildActionMask = 2147483647;
			files = (
				13B07FBF1A68108700A75B9A /* Images.xcassets in Resources */,
				A1858157231E5F4400EC3137 /* Zocial.ttf in Resources */,
				A185814E231E5F4300EC3137 /* Entypo.ttf in Resources */,
				A1858153231E5F4300EC3137 /* Ionicons.ttf in Resources */,
				13B07FBD1A68108700A75B9A /* LaunchScreen.xib in Resources */,
				82521A6BFBEB43B08883F6A4 /* AntDesign.ttf in Resources */,
				A1858151231E5F4300EC3137 /* AntDesign.ttf in Resources */,
				98D0B42F17224F7195F61AEA /* Entypo.ttf in Resources */,
				09797DF2AE10411E9E1AB93D /* EvilIcons.ttf in Resources */,
				12289B97A8BB43A3AD793F27 /* Feather.ttf in Resources */,
				A1858155231E5F4300EC3137 /* FontAwesome5_Regular.ttf in Resources */,
				74724AFFCC8D4DB79D1B0326 /* FontAwesome.ttf in Resources */,
				A1858156231E5F4400EC3137 /* FontAwesome.ttf in Resources */,
				A1858152231E5F4300EC3137 /* Foundation.ttf in Resources */,
				F25C38E4396C464693120DF8 /* FontAwesome5_Brands.ttf in Resources */,
				A185814D231E5F4300EC3137 /* Feather.ttf in Resources */,
				3C9FD5FB58DE41A68066E3B3 /* FontAwesome5_Regular.ttf in Resources */,
				BF4ABA2BF30241B580D1725E /* FontAwesome5_Solid.ttf in Resources */,
				A185814C231E5F4300EC3137 /* Octicons.ttf in Resources */,
				A185814B231E5F4300EC3137 /* Fontisto.ttf in Resources */,
				F9D7DA5254A54494A9952AF3 /* Fontisto.ttf in Resources */,
				A1858158231E5F4400EC3137 /* EvilIcons.ttf in Resources */,
				69E77D5C546045E182C5FB55 /* Foundation.ttf in Resources */,
				E06F498BA7AB4AF69FE89537 /* Ionicons.ttf in Resources */,
				A185814F231E5F4300EC3137 /* FontAwesome5_Brands.ttf in Resources */,
				A1858154231E5F4300EC3137 /* FontAwesome5_Solid.ttf in Resources */,
				A1858159231E5F4400EC3137 /* SimpleLineIcons.ttf in Resources */,
				864478DE07614E45BE182641 /* MaterialCommunityIcons.ttf in Resources */,
				A185815A231E5F4400EC3137 /* MaterialIcons.ttf in Resources */,
				C19244AEA37D42F8973FBC5D /* MaterialIcons.ttf in Resources */,
				C4A324E193104433B7387942 /* Octicons.ttf in Resources */,
				9CFD320F3868448CAC0D473D /* SimpleLineIcons.ttf in Resources */,
				A1858150231E5F4300EC3137 /* MaterialCommunityIcons.ttf in Resources */,
				2E3F836F459641A6A8E511E5 /* Zocial.ttf in Resources */,
				0132A233364B45DDB4C65553 /* Roboto-Black.ttf in Resources */,
				3A1596A91F594D9E9E6FFEB7 /* Roboto-BlackItalic.ttf in Resources */,
				EACFA0E162574F4CAAF2AF08 /* Roboto-Bold.ttf in Resources */,
				D35DAA6D72D24E8B9D3E9E94 /* Roboto-BoldItalic.ttf in Resources */,
				84EAC395B1FC418FA91AE69A /* Roboto-Light.ttf in Resources */,
				5EA511A99EF04F32A857E851 /* Roboto-LightItalic.ttf in Resources */,
				7D47ACCF29B34DD0B8529ABB /* Roboto-Medium.ttf in Resources */,
				F37A325047424C71895E5FC0 /* Roboto-MediumItalic.ttf in Resources */,
				4A54918F2B454F1989BF1C8D /* Roboto-Regular.ttf in Resources */,
				4192BAB59ED74DD0AEDCF743 /* Roboto-RegularItalic.ttf in Resources */,
				F0EB9BDAAF0D4C59A46C14FF /* Roboto-Thin.ttf in Resources */,
				543B9FCA46954031AED8C3A7 /* Roboto-ThinItalic.ttf in Resources */,
			);
			runOnlyForDeploymentPostprocessing = 0;
		};
		2D02E4791E0B4A5D006451C7 /* Resources */ = {
			isa = PBXResourcesBuildPhase;
			buildActionMask = 2147483647;
			files = (
				2D02E4BD1E0B4A84006451C7 /* Images.xcassets in Resources */,
			);
			runOnlyForDeploymentPostprocessing = 0;
		};
		2D02E48E1E0B4A5D006451C7 /* Resources */ = {
			isa = PBXResourcesBuildPhase;
			buildActionMask = 2147483647;
			files = (
			);
			runOnlyForDeploymentPostprocessing = 0;
		};
/* End PBXResourcesBuildPhase section */

/* Begin PBXShellScriptBuildPhase section */
		00DD1BFF1BD5951E006B06BC /* Bundle React Native code and images */ = {
			isa = PBXShellScriptBuildPhase;
			buildActionMask = 2147483647;
			files = (
			);
			inputPaths = (
			);
			name = "Bundle React Native code and images";
			outputPaths = (
			);
			runOnlyForDeploymentPostprocessing = 0;
			shellPath = /bin/sh;
			shellScript = "export NODE_BINARY=node\n../node_modules/react-native/scripts/react-native-xcode.sh";
		};
		2D02E4CB1E0B4B27006451C7 /* Bundle React Native Code And Images */ = {
			isa = PBXShellScriptBuildPhase;
			buildActionMask = 2147483647;
			files = (
			);
			inputPaths = (
			);
			name = "Bundle React Native Code And Images";
			outputPaths = (
			);
			runOnlyForDeploymentPostprocessing = 0;
			shellPath = /bin/sh;
			shellScript = "export NODE_BINARY=node\n../node_modules/react-native/scripts/react-native-xcode.sh";
		};
		3429C4BA1C0F5CED72D483F7 /* [CP] Check Pods Manifest.lock */ = {
			isa = PBXShellScriptBuildPhase;
			buildActionMask = 2147483647;
			files = (
			);
			inputFileListPaths = (
			);
			inputPaths = (
				"${PODS_PODFILE_DIR_PATH}/Podfile.lock",
				"${PODS_ROOT}/Manifest.lock",
			);
			name = "[CP] Check Pods Manifest.lock";
			outputFileListPaths = (
			);
			outputPaths = (
				"$(DERIVED_FILE_DIR)/Pods-reactna-tvOS-checkManifestLockResult.txt",
			);
			runOnlyForDeploymentPostprocessing = 0;
			shellPath = /bin/sh;
			shellScript = "diff \"${PODS_PODFILE_DIR_PATH}/Podfile.lock\" \"${PODS_ROOT}/Manifest.lock\" > /dev/null\nif [ $? != 0 ] ; then\n    # print error to STDERR\n    echo \"error: The sandbox is not in sync with the Podfile.lock. Run 'pod install' or update your CocoaPods installation.\" >&2\n    exit 1\nfi\n# This output is used by Xcode 'outputs' to avoid re-running this script phase.\necho \"SUCCESS\" > \"${SCRIPT_OUTPUT_FILE_0}\"\n";
			showEnvVarsInLog = 0;
		};
		44568E4836594790F993F741 /* [CP] Check Pods Manifest.lock */ = {
			isa = PBXShellScriptBuildPhase;
			buildActionMask = 2147483647;
			files = (
			);
			inputFileListPaths = (
			);
			inputPaths = (
				"${PODS_PODFILE_DIR_PATH}/Podfile.lock",
				"${PODS_ROOT}/Manifest.lock",
			);
			name = "[CP] Check Pods Manifest.lock";
			outputFileListPaths = (
			);
			outputPaths = (
				"$(DERIVED_FILE_DIR)/Pods-reactna-tvOSTests-checkManifestLockResult.txt",
			);
			runOnlyForDeploymentPostprocessing = 0;
			shellPath = /bin/sh;
			shellScript = "diff \"${PODS_PODFILE_DIR_PATH}/Podfile.lock\" \"${PODS_ROOT}/Manifest.lock\" > /dev/null\nif [ $? != 0 ] ; then\n    # print error to STDERR\n    echo \"error: The sandbox is not in sync with the Podfile.lock. Run 'pod install' or update your CocoaPods installation.\" >&2\n    exit 1\nfi\n# This output is used by Xcode 'outputs' to avoid re-running this script phase.\necho \"SUCCESS\" > \"${SCRIPT_OUTPUT_FILE_0}\"\n";
			showEnvVarsInLog = 0;
		};
		695BF48CF86CCD8A20082E07 /* [CP] Check Pods Manifest.lock */ = {
			isa = PBXShellScriptBuildPhase;
			buildActionMask = 2147483647;
			files = (
			);
			inputFileListPaths = (
			);
			inputPaths = (
				"${PODS_PODFILE_DIR_PATH}/Podfile.lock",
				"${PODS_ROOT}/Manifest.lock",
			);
			name = "[CP] Check Pods Manifest.lock";
			outputFileListPaths = (
			);
			outputPaths = (
				"$(DERIVED_FILE_DIR)/Pods-reactna-checkManifestLockResult.txt",
			);
			runOnlyForDeploymentPostprocessing = 0;
			shellPath = /bin/sh;
			shellScript = "diff \"${PODS_PODFILE_DIR_PATH}/Podfile.lock\" \"${PODS_ROOT}/Manifest.lock\" > /dev/null\nif [ $? != 0 ] ; then\n    # print error to STDERR\n    echo \"error: The sandbox is not in sync with the Podfile.lock. Run 'pod install' or update your CocoaPods installation.\" >&2\n    exit 1\nfi\n# This output is used by Xcode 'outputs' to avoid re-running this script phase.\necho \"SUCCESS\" > \"${SCRIPT_OUTPUT_FILE_0}\"\n";
			showEnvVarsInLog = 0;
		};
		D8B500F6768B53A2D27D6B44 /* [CP] Check Pods Manifest.lock */ = {
			isa = PBXShellScriptBuildPhase;
			buildActionMask = 2147483647;
			files = (
			);
			inputFileListPaths = (
			);
			inputPaths = (
				"${PODS_PODFILE_DIR_PATH}/Podfile.lock",
				"${PODS_ROOT}/Manifest.lock",
			);
			name = "[CP] Check Pods Manifest.lock";
			outputFileListPaths = (
			);
			outputPaths = (
				"$(DERIVED_FILE_DIR)/Pods-reactnaTests-checkManifestLockResult.txt",
			);
			runOnlyForDeploymentPostprocessing = 0;
			shellPath = /bin/sh;
			shellScript = "diff \"${PODS_PODFILE_DIR_PATH}/Podfile.lock\" \"${PODS_ROOT}/Manifest.lock\" > /dev/null\nif [ $? != 0 ] ; then\n    # print error to STDERR\n    echo \"error: The sandbox is not in sync with the Podfile.lock. Run 'pod install' or update your CocoaPods installation.\" >&2\n    exit 1\nfi\n# This output is used by Xcode 'outputs' to avoid re-running this script phase.\necho \"SUCCESS\" > \"${SCRIPT_OUTPUT_FILE_0}\"\n";
			showEnvVarsInLog = 0;
		};
		FD10A7F022414F080027D42C /* Start Packager */ = {
			isa = PBXShellScriptBuildPhase;
			buildActionMask = 2147483647;
			files = (
			);
			inputFileListPaths = (
			);
			inputPaths = (
			);
			name = "Start Packager";
			outputFileListPaths = (
			);
			outputPaths = (
			);
			runOnlyForDeploymentPostprocessing = 0;
			shellPath = /bin/sh;
			shellScript = "export RCT_METRO_PORT=\"${RCT_METRO_PORT:=8081}\"\necho \"export RCT_METRO_PORT=${RCT_METRO_PORT}\" > \"${SRCROOT}/../node_modules/react-native/scripts/.packager.env\"\nif [ -z \"${RCT_NO_LAUNCH_PACKAGER+xxx}\" ] ; then\n  if nc -w 5 -z localhost ${RCT_METRO_PORT} ; then\n    if ! curl -s \"http://localhost:${RCT_METRO_PORT}/status\" | grep -q \"packager-status:running\" ; then\n      echo \"Port ${RCT_METRO_PORT} already in use, packager is either not running or not running correctly\"\n      exit 2\n    fi\n  else\n    open \"$SRCROOT/../node_modules/react-native/scripts/launchPackager.command\" || echo \"Can't start packager automatically\"\n  fi\nfi\n";
			showEnvVarsInLog = 0;
		};
		FD10A7F122414F3F0027D42C /* Start Packager */ = {
			isa = PBXShellScriptBuildPhase;
			buildActionMask = 2147483647;
			files = (
			);
			inputFileListPaths = (
			);
			inputPaths = (
			);
			name = "Start Packager";
			outputFileListPaths = (
			);
			outputPaths = (
			);
			runOnlyForDeploymentPostprocessing = 0;
			shellPath = /bin/sh;
			shellScript = "export RCT_METRO_PORT=\"${RCT_METRO_PORT:=8081}\"\necho \"export RCT_METRO_PORT=${RCT_METRO_PORT}\" > \"${SRCROOT}/../node_modules/react-native/scripts/.packager.env\"\nif [ -z \"${RCT_NO_LAUNCH_PACKAGER+xxx}\" ] ; then\n  if nc -w 5 -z localhost ${RCT_METRO_PORT} ; then\n    if ! curl -s \"http://localhost:${RCT_METRO_PORT}/status\" | grep -q \"packager-status:running\" ; then\n      echo \"Port ${RCT_METRO_PORT} already in use, packager is either not running or not running correctly\"\n      exit 2\n    fi\n  else\n    open \"$SRCROOT/../node_modules/react-native/scripts/launchPackager.command\" || echo \"Can't start packager automatically\"\n  fi\nfi\n";
			showEnvVarsInLog = 0;
		};
/* End PBXShellScriptBuildPhase section */

/* Begin PBXSourcesBuildPhase section */
		00E356EA1AD99517003FC87E /* Sources */ = {
			isa = PBXSourcesBuildPhase;
			buildActionMask = 2147483647;
			files = (
				00E356F31AD99517003FC87E /* reactnaTests.m in Sources */,
			);
			runOnlyForDeploymentPostprocessing = 0;
		};
		13B07F871A680F5B00A75B9A /* Sources */ = {
			isa = PBXSourcesBuildPhase;
			buildActionMask = 2147483647;
			files = (
				13B07FBC1A68108700A75B9A /* AppDelegate.m in Sources */,
				13B07FC11A68108700A75B9A /* main.m in Sources */,
			);
			runOnlyForDeploymentPostprocessing = 0;
		};
		2D02E4771E0B4A5D006451C7 /* Sources */ = {
			isa = PBXSourcesBuildPhase;
			buildActionMask = 2147483647;
			files = (
				2D02E4BF1E0B4AB3006451C7 /* main.m in Sources */,
				2D02E4BC1E0B4A80006451C7 /* AppDelegate.m in Sources */,
			);
			runOnlyForDeploymentPostprocessing = 0;
		};
		2D02E48C1E0B4A5D006451C7 /* Sources */ = {
			isa = PBXSourcesBuildPhase;
			buildActionMask = 2147483647;
			files = (
				2DCD954D1E0B4F2C00145EB5 /* reactnaTests.m in Sources */,
			);
			runOnlyForDeploymentPostprocessing = 0;
		};
/* End PBXSourcesBuildPhase section */

/* Begin PBXTargetDependency section */
		00E356F51AD99517003FC87E /* PBXTargetDependency */ = {
			isa = PBXTargetDependency;
			target = 13B07F861A680F5B00A75B9A /* reactna */;
			targetProxy = 00E356F41AD99517003FC87E /* PBXContainerItemProxy */;
		};
		2D02E4921E0B4A5D006451C7 /* PBXTargetDependency */ = {
			isa = PBXTargetDependency;
			target = 2D02E47A1E0B4A5D006451C7 /* reactna-tvOS */;
			targetProxy = 2D02E4911E0B4A5D006451C7 /* PBXContainerItemProxy */;
		};
/* End PBXTargetDependency section */

/* Begin PBXVariantGroup section */
		13B07FB11A68108700A75B9A /* LaunchScreen.xib */ = {
			isa = PBXVariantGroup;
			children = (
				13B07FB21A68108700A75B9A /* Base */,
			);
			name = LaunchScreen.xib;
			path = reactna;
			sourceTree = "<group>";
		};
/* End PBXVariantGroup section */

/* Begin XCBuildConfiguration section */
		00E356F61AD99517003FC87E /* Debug */ = {
			isa = XCBuildConfiguration;
			baseConfigurationReference = 85C7C3C5F66F367E0C16FB3D /* Pods-reactnaTests.debug.xcconfig */;
			buildSettings = {
				BUNDLE_LOADER = "$(TEST_HOST)";
				GCC_PREPROCESSOR_DEFINITIONS = (
					"DEBUG=1",
					"$(inherited)",
				);
				INFOPLIST_FILE = reactnaTests/Info.plist;
				IPHONEOS_DEPLOYMENT_TARGET = 9.0;
				LD_RUNPATH_SEARCH_PATHS = "$(inherited) @executable_path/Frameworks @loader_path/Frameworks";
				OTHER_LDFLAGS = (
					"-ObjC",
					"-lc++",
					"$(inherited)",
				);
				PRODUCT_BUNDLE_IDENTIFIER = "org.reactjs.native.example.$(PRODUCT_NAME:rfc1034identifier)";
				PRODUCT_NAME = "$(TARGET_NAME)";
				TEST_HOST = "$(BUILT_PRODUCTS_DIR)/reactna.app/reactna";
			};
			name = Debug;
		};
		00E356F71AD99517003FC87E /* Release */ = {
			isa = XCBuildConfiguration;
			baseConfigurationReference = 27F0DC181E0DF96F29613D39 /* Pods-reactnaTests.release.xcconfig */;
			buildSettings = {
				BUNDLE_LOADER = "$(TEST_HOST)";
				COPY_PHASE_STRIP = NO;
				INFOPLIST_FILE = reactnaTests/Info.plist;
				IPHONEOS_DEPLOYMENT_TARGET = 9.0;
				LD_RUNPATH_SEARCH_PATHS = "$(inherited) @executable_path/Frameworks @loader_path/Frameworks";
				OTHER_LDFLAGS = (
					"-ObjC",
					"-lc++",
					"$(inherited)",
				);
				PRODUCT_BUNDLE_IDENTIFIER = "org.reactjs.native.example.$(PRODUCT_NAME:rfc1034identifier)";
				PRODUCT_NAME = "$(TARGET_NAME)";
				TEST_HOST = "$(BUILT_PRODUCTS_DIR)/reactna.app/reactna";
			};
			name = Release;
		};
		13B07F941A680F5B00A75B9A /* Debug */ = {
			isa = XCBuildConfiguration;
			baseConfigurationReference = 2DFB56EC24CB854406459A3E /* Pods-reactna.debug.xcconfig */;
			buildSettings = {
				ASSETCATALOG_COMPILER_APPICON_NAME = AppIcon;
				CURRENT_PROJECT_VERSION = 1;
				DEAD_CODE_STRIPPING = NO;
				INFOPLIST_FILE = reactna/Info.plist;
				LD_RUNPATH_SEARCH_PATHS = "$(inherited) @executable_path/Frameworks";
				OTHER_LDFLAGS = (
					"$(inherited)",
					"-ObjC",
					"-lc++",
				);
				PRODUCT_BUNDLE_IDENTIFIER = "org.reactjs.native.example.$(PRODUCT_NAME:rfc1034identifier)";
				PRODUCT_NAME = reactna;
				VERSIONING_SYSTEM = "apple-generic";
			};
			name = Debug;
		};
		13B07F951A680F5B00A75B9A /* Release */ = {
			isa = XCBuildConfiguration;
			baseConfigurationReference = 60B4899538B8BE58EF710DE8 /* Pods-reactna.release.xcconfig */;
			buildSettings = {
				ASSETCATALOG_COMPILER_APPICON_NAME = AppIcon;
				CURRENT_PROJECT_VERSION = 1;
				INFOPLIST_FILE = reactna/Info.plist;
				LD_RUNPATH_SEARCH_PATHS = "$(inherited) @executable_path/Frameworks";
				OTHER_LDFLAGS = (
					"$(inherited)",
					"-ObjC",
					"-lc++",
				);
				PRODUCT_BUNDLE_IDENTIFIER = "org.reactjs.native.example.$(PRODUCT_NAME:rfc1034identifier)";
				PRODUCT_NAME = reactna;
				VERSIONING_SYSTEM = "apple-generic";
			};
			name = Release;
		};
		2D02E4971E0B4A5E006451C7 /* Debug */ = {
			isa = XCBuildConfiguration;
			baseConfigurationReference = CA27EFEAD60920CF9438A477 /* Pods-reactna-tvOS.debug.xcconfig */;
			buildSettings = {
				ASSETCATALOG_COMPILER_APPICON_NAME = "App Icon & Top Shelf Image";
				ASSETCATALOG_COMPILER_LAUNCHIMAGE_NAME = LaunchImage;
				CLANG_ANALYZER_NONNULL = YES;
				CLANG_WARN_DOCUMENTATION_COMMENTS = YES;
				CLANG_WARN_INFINITE_RECURSION = YES;
				CLANG_WARN_SUSPICIOUS_MOVE = YES;
				DEBUG_INFORMATION_FORMAT = dwarf;
				ENABLE_TESTABILITY = YES;
				GCC_NO_COMMON_BLOCKS = YES;
				INFOPLIST_FILE = "reactna-tvOS/Info.plist";
				LD_RUNPATH_SEARCH_PATHS = "$(inherited) @executable_path/Frameworks";
				OTHER_LDFLAGS = (
					"$(inherited)",
					"-ObjC",
					"-lc++",
				);
				PRODUCT_BUNDLE_IDENTIFIER = "com.facebook.REACT.reactna-tvOS";
				PRODUCT_NAME = "$(TARGET_NAME)";
				SDKROOT = appletvos;
				TARGETED_DEVICE_FAMILY = 3;
				TVOS_DEPLOYMENT_TARGET = 9.2;
			};
			name = Debug;
		};
		2D02E4981E0B4A5E006451C7 /* Release */ = {
			isa = XCBuildConfiguration;
			baseConfigurationReference = 73AB7502FE244EC290A03A46 /* Pods-reactna-tvOS.release.xcconfig */;
			buildSettings = {
				ASSETCATALOG_COMPILER_APPICON_NAME = "App Icon & Top Shelf Image";
				ASSETCATALOG_COMPILER_LAUNCHIMAGE_NAME = LaunchImage;
				CLANG_ANALYZER_NONNULL = YES;
				CLANG_WARN_DOCUMENTATION_COMMENTS = YES;
				CLANG_WARN_INFINITE_RECURSION = YES;
				CLANG_WARN_SUSPICIOUS_MOVE = YES;
				COPY_PHASE_STRIP = NO;
				DEBUG_INFORMATION_FORMAT = "dwarf-with-dsym";
				GCC_NO_COMMON_BLOCKS = YES;
				INFOPLIST_FILE = "reactna-tvOS/Info.plist";
				LD_RUNPATH_SEARCH_PATHS = "$(inherited) @executable_path/Frameworks";
				OTHER_LDFLAGS = (
					"$(inherited)",
					"-ObjC",
					"-lc++",
				);
				PRODUCT_BUNDLE_IDENTIFIER = "com.facebook.REACT.reactna-tvOS";
				PRODUCT_NAME = "$(TARGET_NAME)";
				SDKROOT = appletvos;
				TARGETED_DEVICE_FAMILY = 3;
				TVOS_DEPLOYMENT_TARGET = 9.2;
			};
			name = Release;
		};
		2D02E4991E0B4A5E006451C7 /* Debug */ = {
			isa = XCBuildConfiguration;
			baseConfigurationReference = C184855404B130997B6736E3 /* Pods-reactna-tvOSTests.debug.xcconfig */;
			buildSettings = {
				BUNDLE_LOADER = "$(TEST_HOST)";
				CLANG_ANALYZER_NONNULL = YES;
				CLANG_WARN_DOCUMENTATION_COMMENTS = YES;
				CLANG_WARN_INFINITE_RECURSION = YES;
				CLANG_WARN_SUSPICIOUS_MOVE = YES;
				DEBUG_INFORMATION_FORMAT = dwarf;
				ENABLE_TESTABILITY = YES;
				GCC_NO_COMMON_BLOCKS = YES;
				INFOPLIST_FILE = "reactna-tvOSTests/Info.plist";
				LD_RUNPATH_SEARCH_PATHS = "$(inherited) @executable_path/Frameworks @loader_path/Frameworks";
				OTHER_LDFLAGS = (
					"$(inherited)",
					"-ObjC",
					"-lc++",
				);
				PRODUCT_BUNDLE_IDENTIFIER = "com.facebook.REACT.reactna-tvOSTests";
				PRODUCT_NAME = "$(TARGET_NAME)";
				SDKROOT = appletvos;
				TEST_HOST = "$(BUILT_PRODUCTS_DIR)/reactna-tvOS.app/reactna-tvOS";
				TVOS_DEPLOYMENT_TARGET = 10.1;
			};
			name = Debug;
		};
		2D02E49A1E0B4A5E006451C7 /* Release */ = {
			isa = XCBuildConfiguration;
			baseConfigurationReference = D96894F8F54A4E6C3168D4F0 /* Pods-reactna-tvOSTests.release.xcconfig */;
			buildSettings = {
				BUNDLE_LOADER = "$(TEST_HOST)";
				CLANG_ANALYZER_NONNULL = YES;
				CLANG_WARN_DOCUMENTATION_COMMENTS = YES;
				CLANG_WARN_INFINITE_RECURSION = YES;
				CLANG_WARN_SUSPICIOUS_MOVE = YES;
				COPY_PHASE_STRIP = NO;
				DEBUG_INFORMATION_FORMAT = "dwarf-with-dsym";
				GCC_NO_COMMON_BLOCKS = YES;
				INFOPLIST_FILE = "reactna-tvOSTests/Info.plist";
				LD_RUNPATH_SEARCH_PATHS = "$(inherited) @executable_path/Frameworks @loader_path/Frameworks";
				OTHER_LDFLAGS = (
					"$(inherited)",
					"-ObjC",
					"-lc++",
				);
				PRODUCT_BUNDLE_IDENTIFIER = "com.facebook.REACT.reactna-tvOSTests";
				PRODUCT_NAME = "$(TARGET_NAME)";
				SDKROOT = appletvos;
				TEST_HOST = "$(BUILT_PRODUCTS_DIR)/reactna-tvOS.app/reactna-tvOS";
				TVOS_DEPLOYMENT_TARGET = 10.1;
			};
			name = Release;
		};
		83CBBA201A601CBA00E9B192 /* Debug */ = {
			isa = XCBuildConfiguration;
			buildSettings = {
				ALWAYS_SEARCH_USER_PATHS = NO;
				CLANG_CXX_LANGUAGE_STANDARD = "gnu++0x";
				CLANG_CXX_LIBRARY = "libc++";
				CLANG_ENABLE_MODULES = YES;
				CLANG_ENABLE_OBJC_ARC = YES;
				CLANG_WARN_BLOCK_CAPTURE_AUTORELEASING = YES;
				CLANG_WARN_BOOL_CONVERSION = YES;
				CLANG_WARN_COMMA = YES;
				CLANG_WARN_CONSTANT_CONVERSION = YES;
				CLANG_WARN_DEPRECATED_OBJC_IMPLEMENTATIONS = YES;
				CLANG_WARN_DIRECT_OBJC_ISA_USAGE = YES_ERROR;
				CLANG_WARN_EMPTY_BODY = YES;
				CLANG_WARN_ENUM_CONVERSION = YES;
				CLANG_WARN_INFINITE_RECURSION = YES;
				CLANG_WARN_INT_CONVERSION = YES;
				CLANG_WARN_NON_LITERAL_NULL_CONVERSION = YES;
				CLANG_WARN_OBJC_IMPLICIT_RETAIN_SELF = YES;
				CLANG_WARN_OBJC_LITERAL_CONVERSION = YES;
				CLANG_WARN_OBJC_ROOT_CLASS = YES_ERROR;
				CLANG_WARN_RANGE_LOOP_ANALYSIS = YES;
				CLANG_WARN_STRICT_PROTOTYPES = YES;
				CLANG_WARN_SUSPICIOUS_MOVE = YES;
				CLANG_WARN_UNREACHABLE_CODE = YES;
				CLANG_WARN__DUPLICATE_METHOD_MATCH = YES;
				"CODE_SIGN_IDENTITY[sdk=iphoneos*]" = "iPhone Developer";
				COPY_PHASE_STRIP = NO;
				ENABLE_STRICT_OBJC_MSGSEND = YES;
				ENABLE_TESTABILITY = YES;
				GCC_C_LANGUAGE_STANDARD = gnu99;
				GCC_DYNAMIC_NO_PIC = NO;
				GCC_NO_COMMON_BLOCKS = YES;
				GCC_OPTIMIZATION_LEVEL = 0;
				GCC_PREPROCESSOR_DEFINITIONS = (
					"DEBUG=1",
					"$(inherited)",
				);
				GCC_SYMBOLS_PRIVATE_EXTERN = NO;
				GCC_WARN_64_TO_32_BIT_CONVERSION = YES;
				GCC_WARN_ABOUT_RETURN_TYPE = YES_ERROR;
				GCC_WARN_UNDECLARED_SELECTOR = YES;
				GCC_WARN_UNINITIALIZED_AUTOS = YES_AGGRESSIVE;
				GCC_WARN_UNUSED_FUNCTION = YES;
				GCC_WARN_UNUSED_VARIABLE = YES;
				IPHONEOS_DEPLOYMENT_TARGET = 9.0;
				MTL_ENABLE_DEBUG_INFO = YES;
				ONLY_ACTIVE_ARCH = YES;
				SDKROOT = iphoneos;
			};
			name = Debug;
		};
		83CBBA211A601CBA00E9B192 /* Release */ = {
			isa = XCBuildConfiguration;
			buildSettings = {
				ALWAYS_SEARCH_USER_PATHS = NO;
				CLANG_CXX_LANGUAGE_STANDARD = "gnu++0x";
				CLANG_CXX_LIBRARY = "libc++";
				CLANG_ENABLE_MODULES = YES;
				CLANG_ENABLE_OBJC_ARC = YES;
				CLANG_WARN_BLOCK_CAPTURE_AUTORELEASING = YES;
				CLANG_WARN_BOOL_CONVERSION = YES;
				CLANG_WARN_COMMA = YES;
				CLANG_WARN_CONSTANT_CONVERSION = YES;
				CLANG_WARN_DEPRECATED_OBJC_IMPLEMENTATIONS = YES;
				CLANG_WARN_DIRECT_OBJC_ISA_USAGE = YES_ERROR;
				CLANG_WARN_EMPTY_BODY = YES;
				CLANG_WARN_ENUM_CONVERSION = YES;
				CLANG_WARN_INFINITE_RECURSION = YES;
				CLANG_WARN_INT_CONVERSION = YES;
				CLANG_WARN_NON_LITERAL_NULL_CONVERSION = YES;
				CLANG_WARN_OBJC_IMPLICIT_RETAIN_SELF = YES;
				CLANG_WARN_OBJC_LITERAL_CONVERSION = YES;
				CLANG_WARN_OBJC_ROOT_CLASS = YES_ERROR;
				CLANG_WARN_RANGE_LOOP_ANALYSIS = YES;
				CLANG_WARN_STRICT_PROTOTYPES = YES;
				CLANG_WARN_SUSPICIOUS_MOVE = YES;
				CLANG_WARN_UNREACHABLE_CODE = YES;
				CLANG_WARN__DUPLICATE_METHOD_MATCH = YES;
				"CODE_SIGN_IDENTITY[sdk=iphoneos*]" = "iPhone Developer";
				COPY_PHASE_STRIP = YES;
				ENABLE_NS_ASSERTIONS = NO;
				ENABLE_STRICT_OBJC_MSGSEND = YES;
				GCC_C_LANGUAGE_STANDARD = gnu99;
				GCC_NO_COMMON_BLOCKS = YES;
				GCC_WARN_64_TO_32_BIT_CONVERSION = YES;
				GCC_WARN_ABOUT_RETURN_TYPE = YES_ERROR;
				GCC_WARN_UNDECLARED_SELECTOR = YES;
				GCC_WARN_UNINITIALIZED_AUTOS = YES_AGGRESSIVE;
				GCC_WARN_UNUSED_FUNCTION = YES;
				GCC_WARN_UNUSED_VARIABLE = YES;
				IPHONEOS_DEPLOYMENT_TARGET = 9.0;
				MTL_ENABLE_DEBUG_INFO = NO;
				SDKROOT = iphoneos;
				VALIDATE_PRODUCT = YES;
			};
			name = Release;
		};
/* End XCBuildConfiguration section */

/* Begin XCConfigurationList section */
		00E357021AD99517003FC87E /* Build configuration list for PBXNativeTarget "reactnaTests" */ = {
			isa = XCConfigurationList;
			buildConfigurations = (
				00E356F61AD99517003FC87E /* Debug */,
				00E356F71AD99517003FC87E /* Release */,
			);
			defaultConfigurationIsVisible = 0;
			defaultConfigurationName = Release;
		};
		13B07F931A680F5B00A75B9A /* Build configuration list for PBXNativeTarget "reactna" */ = {
			isa = XCConfigurationList;
			buildConfigurations = (
				13B07F941A680F5B00A75B9A /* Debug */,
				13B07F951A680F5B00A75B9A /* Release */,
			);
			defaultConfigurationIsVisible = 0;
			defaultConfigurationName = Release;
		};
		2D02E4BA1E0B4A5E006451C7 /* Build configuration list for PBXNativeTarget "reactna-tvOS" */ = {
			isa = XCConfigurationList;
			buildConfigurations = (
				2D02E4971E0B4A5E006451C7 /* Debug */,
				2D02E4981E0B4A5E006451C7 /* Release */,
			);
			defaultConfigurationIsVisible = 0;
			defaultConfigurationName = Release;
		};
		2D02E4BB1E0B4A5E006451C7 /* Build configuration list for PBXNativeTarget "reactna-tvOSTests" */ = {
			isa = XCConfigurationList;
			buildConfigurations = (
				2D02E4991E0B4A5E006451C7 /* Debug */,
				2D02E49A1E0B4A5E006451C7 /* Release */,
			);
			defaultConfigurationIsVisible = 0;
			defaultConfigurationName = Release;
		};
		83CBB9FA1A601CBA00E9B192 /* Build configuration list for PBXProject "reactna" */ = {
			isa = XCConfigurationList;
			buildConfigurations = (
				83CBBA201A601CBA00E9B192 /* Debug */,
				83CBBA211A601CBA00E9B192 /* Release */,
			);
			defaultConfigurationIsVisible = 0;
			defaultConfigurationName = Release;
		};
/* End XCConfigurationList section */
	};
	rootObject = 83CBB9F71A601CBA00E9B192 /* Project object */;
}
